
Microsoft Visual Studio Solution File, Format Version 12.00
# Visual Studio Version 16
VisualStudioVersion = 16.0.29215.179
MinimumVisualStudioVersion = 10.0.40219.1
Project("{FAE04EC0-301F-11D3-BF4B-00C04F79EFBC}") = "AurigmaDemoApp", "AurigmaDemoApp\AurigmaDemoApp.csproj", "{C944546C-09FD-47E4-BE97-0B0D28015CBA}"
EndProject
Global
	GlobalSection(SolutionConfigurationPlatforms) = preSolution
		Debug|Any CPU = Debug|Any CPU
		Release|Any CPU = Release|Any CPU
	EndGlobalSection
	GlobalSection(ProjectConfigurationPlatforms) = postSolution
		{C944546C-09FD-47E4-BE97-0B0D28015CBA}.Debug|Any CPU.ActiveCfg = Debug|Any CPU
		{C944546C-09FD-47E4-BE97-0B0D28015CBA}.Debug|Any CPU.Build.0 = Debug|Any CPU
		{C944546C-09FD-47E4-BE97-0B0D28015CBA}.Release|Any CPU.ActiveCfg = Release|Any CPU
		{C944546C-09FD-47E4-BE97-0B0D28015CBA}.Release|Any CPU.Build.0 = Release|Any CPU
	EndGlobalSection
	GlobalSection(SolutionProperties) = preSolution
		HideSolutionNode = FALSE
	EndGlobalSection
	GlobalSection(ExtensibilityGlobals) = postSolution
		SolutionGuid = {D6F50A0E-492D-4121-83FC-1157349CF5F2}
	EndGlobalSection
EndGlobal
